
Microsoft Visual Studio Solution File, Format Version 12.00
# Visual Studio Version 16
VisualStudioVersion = 16.0.32002.261
MinimumVisualStudioVersion = 10.0.40219.1
Project("{FAE04EC0-301F-11D3-BF4B-00C04F79EFBC}") = "HighSchoolEF", "HighSchoolEF\HighSchoolEF.csproj", "{30DE03E8-A418-488B-8B08-DECD2EDC1A44}"
EndProject
Global
	GlobalSection(SolutionConfigurationPlatforms) = preSolution
		Debug|Any CPU = Debug|Any CPU
		Release|Any CPU = Release|Any CPU
	EndGlobalSection
	GlobalSection(ProjectConfigurationPlatforms) = postSolution
		{30DE03E8-A418-488B-8B08-DECD2EDC1A44}.Debug|Any CPU.ActiveCfg = Debug|Any CPU
		{30DE03E8-A418-488B-8B08-DECD2EDC1A44}.Debug|Any CPU.Build.0 = Debug|Any CPU
		{30DE03E8-A418-488B-8B08-DECD2EDC1A44}.Release|Any CPU.ActiveCfg = Release|Any CPU
		{30DE03E8-A418-488B-8B08-DECD2EDC1A44}.Release|Any CPU.Build.0 = Release|Any CPU
	EndGlobalSection
	GlobalSection(SolutionProperties) = preSolution
		HideSolutionNode = FALSE
	EndGlobalSection
	GlobalSection(ExtensibilityGlobals) = postSolution
		SolutionGuid = {A546F443-CFD2-4FCB-90BA-ECDCDD4797B2}
	EndGlobalSection
EndGlobal
